// !$*UTF8*$!
{
	archiveVersion = 1;
	classes = {
	};
	objectVersion = 56;
	objects = {

/* Begin PBXBuildFile section */
		BD19AF132992FEAD00F4A9B7 /* GameLoaderViewController.swift in Sources */ = {isa = PBXBuildFile; fileRef = BD19AF122992FEAD00F4A9B7 /* GameLoaderViewController.swift */; };
		BD19AF162993038000F4A9B7 /* Lottie in Frameworks */ = {isa = PBXBuildFile; productRef = BD19AF152993038000F4A9B7 /* Lottie */; };
		BD19AF1F29930C3300F4A9B7 /* 92298-loading.json in Resources */ = {isa = PBXBuildFile; fileRef = BD19AF1E29930C3300F4A9B7 /* 92298-loading.json */; };
		BD19AF2129930CAB00F4A9B7 /* Constants.swift in Sources */ = {isa = PBXBuildFile; fileRef = BD19AF2029930CAB00F4A9B7 /* Constants.swift */; };
		BD19AF2329930FC500F4A9B7 /* MainGameViewController.swift in Sources */ = {isa = PBXBuildFile; fileRef = BD19AF2229930FC500F4A9B7 /* MainGameViewController.swift */; };
		BD19AF252993152300F4A9B7 /* SettingsViewController.swift in Sources */ = {isa = PBXBuildFile; fileRef = BD19AF242993152300F4A9B7 /* SettingsViewController.swift */; };
		BD19AF2D2993C69200F4A9B7 /* 90705-simple-loading.json in Resources */ = {isa = PBXBuildFile; fileRef = BD19AF2C2993C69200F4A9B7 /* 90705-simple-loading.json */; };
		BD19AF2F2993C6C400F4A9B7 /* 95076-loading-dots.json in Resources */ = {isa = PBXBuildFile; fileRef = BD19AF2E2993C6C400F4A9B7 /* 95076-loading-dots.json */; };
		BD19AF322993CEC800F4A9B7 /* SelectGameCollectionViewCell.swift in Sources */ = {isa = PBXBuildFile; fileRef = BD19AF312993CEC800F4A9B7 /* SelectGameCollectionViewCell.swift */; };
		BD19AF372993E45100F4A9B7 /* LevelCollectionViewCell.swift in Sources */ = {isa = PBXBuildFile; fileRef = BD19AF362993E45100F4A9B7 /* LevelCollectionViewCell.swift */; };
		BD19AF392993FC0600F4A9B7 /* Extensions.swift in Sources */ = {isa = PBXBuildFile; fileRef = BD19AF382993FC0600F4A9B7 /* Extensions.swift */; };
		BD19AF3B2993FE5800F4A9B7 /* NotificationManager.swift in Sources */ = {isa = PBXBuildFile; fileRef = BD19AF3A2993FE5800F4A9B7 /* NotificationManager.swift */; };
		BD19AF4629944E2400F4A9B7 /* ActiveGameViewController.swift in Sources */ = {isa = PBXBuildFile; fileRef = BD19AF4529944E2400F4A9B7 /* ActiveGameViewController.swift */; };
		BD19AF48299451FE00F4A9B7 /* TermsViewController.swift in Sources */ = {isa = PBXBuildFile; fileRef = BD19AF47299451FE00F4A9B7 /* TermsViewController.swift */; };
		BD19AF4A299513CB00F4A9B7 /* Phosphate.ttf in Resources */ = {isa = PBXBuildFile; fileRef = BD19AF49299513CB00F4A9B7 /* Phosphate.ttf */; };
		BD19AF4C29951B7000F4A9B7 /* Inter-Medium.otf in Resources */ = {isa = PBXBuildFile; fileRef = BD19AF4B29951B7000F4A9B7 /* Inter-Medium.otf */; };
		BD19AF502995309E00F4A9B7 /* Inter-Bold.ttf in Resources */ = {isa = PBXBuildFile; fileRef = BD19AF4F2995309E00F4A9B7 /* Inter-Bold.ttf */; };
		BD19AF542995823C00F4A9B7 /* WinViewController.swift in Sources */ = {isa = PBXBuildFile; fileRef = BD19AF532995823C00F4A9B7 /* WinViewController.swift */; };
		BD19AF562995827000F4A9B7 /* LossViewController.swift in Sources */ = {isa = PBXBuildFile; fileRef = BD19AF552995827000F4A9B7 /* LossViewController.swift */; };
		BD4E35FB299A2D2C00422D10 /* ActiveGameCollectionViewCell.swift in Sources */ = {isa = PBXBuildFile; fileRef = BD4E35FA299A2D2C00422D10 /* ActiveGameCollectionViewCell.swift */; };
		BD4E3600299A53CE00422D10 /* PopUp.swift in Sources */ = {isa = PBXBuildFile; fileRef = BD4E35FF299A53CE00422D10 /* PopUp.swift */; };
		BD4E3607299AA74900422D10 /* OverLayerView.swift in Sources */ = {isa = PBXBuildFile; fileRef = BD4E3605299AA74800422D10 /* OverLayerView.swift */; };
		BD4E3608299AA74900422D10 /* OverLayerView.xib in Resources */ = {isa = PBXBuildFile; fileRef = BD4E3606299AA74900422D10 /* OverLayerView.xib */; };
		BD58AA6F299B8034004C1F48 /* CircularProgressView.swift in Sources */ = {isa = PBXBuildFile; fileRef = BD58AA6E299B8034004C1F48 /* CircularProgressView.swift */; };
		BD58AA72299BA644004C1F48 /* ALProgressView in Frameworks */ = {isa = PBXBuildFile; productRef = BD58AA71299BA644004C1F48 /* ALProgressView */; };
		BD7317B929978DA90036D2DC /* SettingsTableViewCell.swift in Sources */ = {isa = PBXBuildFile; fileRef = BD7317B729978DA90036D2DC /* SettingsTableViewCell.swift */; };
		BD7317BA29978DA90036D2DC /* SettingsTableViewCell.xib in Resources */ = {isa = PBXBuildFile; fileRef = BD7317B829978DA90036D2DC /* SettingsTableViewCell.xib */; };
		BD7317BC299791A70036D2DC /* SettingsExtension.swift in Sources */ = {isa = PBXBuildFile; fileRef = BD7317BB299791A70036D2DC /* SettingsExtension.swift */; };
		BDB20DE6299832E70071981F /* ProfileViewController.swift in Sources */ = {isa = PBXBuildFile; fileRef = BDB20DE5299832E70071981F /* ProfileViewController.swift */; };
		BDD06E0929A2CB2B008A2C4E /* UserProgressData.swift in Sources */ = {isa = PBXBuildFile; fileRef = BDD06E0829A2CB2B008A2C4E /* UserProgressData.swift */; };
		BDD06E1329A352D7008A2C4E /* ProfileProgressTableViewCell.swift in Sources */ = {isa = PBXBuildFile; fileRef = BDD06E1129A352D7008A2C4E /* ProfileProgressTableViewCell.swift */; };
		BDD06E1429A352D7008A2C4E /* ProfileProgressTableViewCell.xib in Resources */ = {isa = PBXBuildFile; fileRef = BDD06E1229A352D7008A2C4E /* ProfileProgressTableViewCell.xib */; };
		BDED154E2992F61200E2F03A /* AppDelegate.swift in Sources */ = {isa = PBXBuildFile; fileRef = BDED154D2992F61200E2F03A /* AppDelegate.swift */; };
		BDED15502992F61200E2F03A /* SceneDelegate.swift in Sources */ = {isa = PBXBuildFile; fileRef = BDED154F2992F61200E2F03A /* SceneDelegate.swift */; };
		BDED15522992F61200E2F03A /* SelectGameViewController.swift in Sources */ = {isa = PBXBuildFile; fileRef = BDED15512992F61200E2F03A /* SelectGameViewController.swift */; };
		BDED15552992F61200E2F03A /* Main.storyboard in Resources */ = {isa = PBXBuildFile; fileRef = BDED15532992F61200E2F03A /* Main.storyboard */; };
		BDED15572992F61400E2F03A /* Assets.xcassets in Resources */ = {isa = PBXBuildFile; fileRef = BDED15562992F61400E2F03A /* Assets.xcassets */; };
		BDED155A2992F61400E2F03A /* LaunchScreen.storyboard in Resources */ = {isa = PBXBuildFile; fileRef = BDED15582992F61400E2F03A /* LaunchScreen.storyboard */; };
		BDFE322C299E5EE800C76709 /* tapSound.mp3 in Resources */ = {isa = PBXBuildFile; fileRef = BDFE322B299E5EE800C76709 /* tapSound.mp3 */; };
/* End PBXBuildFile section */

/* Begin PBXFileReference section */
		BD19AF122992FEAD00F4A9B7 /* GameLoaderViewController.swift */ = {isa = PBXFileReference; lastKnownFileType = sourcecode.swift; path = GameLoaderViewController.swift; sourceTree = "<group>"; };
		BD19AF1E29930C3300F4A9B7 /* 92298-loading.json */ = {isa = PBXFileReference; fileEncoding = 4; lastKnownFileType = text.json; path = "92298-loading.json"; sourceTree = "<group>"; };
		BD19AF2029930CAB00F4A9B7 /* Constants.swift */ = {isa = PBXFileReference; lastKnownFileType = sourcecode.swift; path = Constants.swift; sourceTree = "<group>"; };
		BD19AF2229930FC500F4A9B7 /* MainGameViewController.swift */ = {isa = PBXFileReference; lastKnownFileType = sourcecode.swift; path = MainGameViewController.swift; sourceTree = "<group>"; };
		BD19AF242993152300F4A9B7 /* SettingsViewController.swift */ = {isa = PBXFileReference; lastKnownFileType = sourcecode.swift; path = SettingsViewController.swift; sourceTree = "<group>"; };
		BD19AF2C2993C69200F4A9B7 /* 90705-simple-loading.json */ = {isa = PBXFileReference; fileEncoding = 4; lastKnownFileType = text.json; path = "90705-simple-loading.json"; sourceTree = "<group>"; };
		BD19AF2E2993C6C400F4A9B7 /* 95076-loading-dots.json */ = {isa = PBXFileReference; fileEncoding = 4; lastKnownFileType = text.json; path = "95076-loading-dots.json"; sourceTree = "<group>"; };
		BD19AF312993CEC800F4A9B7 /* SelectGameCollectionViewCell.swift */ = {isa = PBXFileReference; lastKnownFileType = sourcecode.swift; path = SelectGameCollectionViewCell.swift; sourceTree = "<group>"; };
		BD19AF362993E45100F4A9B7 /* LevelCollectionViewCell.swift */ = {isa = PBXFileReference; lastKnownFileType = sourcecode.swift; path = LevelCollectionViewCell.swift; sourceTree = "<group>"; };
		BD19AF382993FC0600F4A9B7 /* Extensions.swift */ = {isa = PBXFileReference; lastKnownFileType = sourcecode.swift; path = Extensions.swift; sourceTree = "<group>"; };
		BD19AF3A2993FE5800F4A9B7 /* NotificationManager.swift */ = {isa = PBXFileReference; lastKnownFileType = sourcecode.swift; path = NotificationManager.swift; sourceTree = "<group>"; };
		BD19AF4529944E2400F4A9B7 /* ActiveGameViewController.swift */ = {isa = PBXFileReference; lastKnownFileType = sourcecode.swift; path = ActiveGameViewController.swift; sourceTree = "<group>"; };
		BD19AF47299451FE00F4A9B7 /* TermsViewController.swift */ = {isa = PBXFileReference; lastKnownFileType = sourcecode.swift; path = TermsViewController.swift; sourceTree = "<group>"; };
		BD19AF49299513CB00F4A9B7 /* Phosphate.ttf */ = {isa = PBXFileReference; lastKnownFileType = file; path = Phosphate.ttf; sourceTree = "<group>"; };
		BD19AF4B29951B7000F4A9B7 /* Inter-Medium.otf */ = {isa = PBXFileReference; lastKnownFileType = file; path = "Inter-Medium.otf"; sourceTree = "<group>"; };
		BD19AF4F2995309E00F4A9B7 /* Inter-Bold.ttf */ = {isa = PBXFileReference; lastKnownFileType = file; path = "Inter-Bold.ttf"; sourceTree = "<group>"; };
		BD19AF532995823C00F4A9B7 /* WinViewController.swift */ = {isa = PBXFileReference; lastKnownFileType = sourcecode.swift; path = WinViewController.swift; sourceTree = "<group>"; };
		BD19AF552995827000F4A9B7 /* LossViewController.swift */ = {isa = PBXFileReference; lastKnownFileType = sourcecode.swift; path = LossViewController.swift; sourceTree = "<group>"; };
		BD4E35FA299A2D2C00422D10 /* ActiveGameCollectionViewCell.swift */ = {isa = PBXFileReference; lastKnownFileType = sourcecode.swift; path = ActiveGameCollectionViewCell.swift; sourceTree = "<group>"; };
		BD4E35FF299A53CE00422D10 /* PopUp.swift */ = {isa = PBXFileReference; lastKnownFileType = sourcecode.swift; path = PopUp.swift; sourceTree = "<group>"; };
		BD4E3605299AA74800422D10 /* OverLayerView.swift */ = {isa = PBXFileReference; fileEncoding = 4; lastKnownFileType = sourcecode.swift; path = OverLayerView.swift; sourceTree = "<group>"; };
		BD4E3606299AA74900422D10 /* OverLayerView.xib */ = {isa = PBXFileReference; fileEncoding = 4; lastKnownFileType = file.xib; path = OverLayerView.xib; sourceTree = "<group>"; };
		BD58AA6E299B8034004C1F48 /* CircularProgressView.swift */ = {isa = PBXFileReference; lastKnownFileType = sourcecode.swift; path = CircularProgressView.swift; sourceTree = "<group>"; };
		BD7317B729978DA90036D2DC /* SettingsTableViewCell.swift */ = {isa = PBXFileReference; lastKnownFileType = sourcecode.swift; path = SettingsTableViewCell.swift; sourceTree = "<group>"; };
		BD7317B829978DA90036D2DC /* SettingsTableViewCell.xib */ = {isa = PBXFileReference; lastKnownFileType = file.xib; path = SettingsTableViewCell.xib; sourceTree = "<group>"; };
		BD7317BB299791A70036D2DC /* SettingsExtension.swift */ = {isa = PBXFileReference; lastKnownFileType = sourcecode.swift; path = SettingsExtension.swift; sourceTree = "<group>"; };
		BDB20DE5299832E70071981F /* ProfileViewController.swift */ = {isa = PBXFileReference; lastKnownFileType = sourcecode.swift; path = ProfileViewController.swift; sourceTree = "<group>"; };
		BDD06E0829A2CB2B008A2C4E /* UserProgressData.swift */ = {isa = PBXFileReference; lastKnownFileType = sourcecode.swift; path = UserProgressData.swift; sourceTree = "<group>"; };
		BDD06E1129A352D7008A2C4E /* ProfileProgressTableViewCell.swift */ = {isa = PBXFileReference; lastKnownFileType = sourcecode.swift; path = ProfileProgressTableViewCell.swift; sourceTree = "<group>"; };
		BDD06E1229A352D7008A2C4E /* ProfileProgressTableViewCell.xib */ = {isa = PBXFileReference; lastKnownFileType = file.xib; path = ProfileProgressTableViewCell.xib; sourceTree = "<group>"; };
		BDED154A2992F61200E2F03A /* KingJohnnie.app */ = {isa = PBXFileReference; explicitFileType = wrapper.application; includeInIndex = 0; path = KingJohnnie.app; sourceTree = BUILT_PRODUCTS_DIR; };
		BDED154D2992F61200E2F03A /* AppDelegate.swift */ = {isa = PBXFileReference; lastKnownFileType = sourcecode.swift; path = AppDelegate.swift; sourceTree = "<group>"; };
		BDED154F2992F61200E2F03A /* SceneDelegate.swift */ = {isa = PBXFileReference; lastKnownFileType = sourcecode.swift; path = SceneDelegate.swift; sourceTree = "<group>"; };
		BDED15512992F61200E2F03A /* SelectGameViewController.swift */ = {isa = PBXFileReference; lastKnownFileType = sourcecode.swift; path = SelectGameViewController.swift; sourceTree = "<group>"; };
		BDED15542992F61200E2F03A /* Base */ = {isa = PBXFileReference; lastKnownFileType = file.storyboard; name = Base; path = Base.lproj/Main.storyboard; sourceTree = "<group>"; };
		BDED15562992F61400E2F03A /* Assets.xcassets */ = {isa = PBXFileReference; lastKnownFileType = folder.assetcatalog; path = Assets.xcassets; sourceTree = "<group>"; };
		BDED15592992F61400E2F03A /* Base */ = {isa = PBXFileReference; lastKnownFileType = file.storyboard; name = Base; path = Base.lproj/LaunchScreen.storyboard; sourceTree = "<group>"; };
		BDED155B2992F61400E2F03A /* Info.plist */ = {isa = PBXFileReference; lastKnownFileType = text.plist.xml; path = Info.plist; sourceTree = "<group>"; };
		BDFE322B299E5EE800C76709 /* tapSound.mp3 */ = {isa = PBXFileReference; lastKnownFileType = audio.mp3; path = tapSound.mp3; sourceTree = "<group>"; };
/* End PBXFileReference section */

/* Begin PBXFrameworksBuildPhase section */
		BDED15472992F61200E2F03A /* Frameworks */ = {
			isa = PBXFrameworksBuildPhase;
			buildActionMask = 2147483647;
			files = (
				BD19AF162993038000F4A9B7 /* Lottie in Frameworks */,
				BD58AA72299BA644004C1F48 /* ALProgressView in Frameworks */,
			);
			runOnlyForDeploymentPostprocessing = 0;
		};
/* End PBXFrameworksBuildPhase section */

/* Begin PBXGroup section */
		BD19AF112992FE8A00F4A9B7 /* Controllers */ = {
			isa = PBXGroup;
			children = (
				BD4E35FC299A517000422D10 /* PopUps */,
				BD7317B629978D350036D2DC /* SettingsScreen */,
				BDED15512992F61200E2F03A /* SelectGameViewController.swift */,
				BDB20DE5299832E70071981F /* ProfileViewController.swift */,
				BD19AF552995827000F4A9B7 /* LossViewController.swift */,
				BD19AF532995823C00F4A9B7 /* WinViewController.swift */,
				BD19AF47299451FE00F4A9B7 /* TermsViewController.swift */,
				BD19AF4529944E2400F4A9B7 /* ActiveGameViewController.swift */,
				BD19AF122992FEAD00F4A9B7 /* GameLoaderViewController.swift */,
				BD19AF2229930FC500F4A9B7 /* MainGameViewController.swift */,
			);
			path = Controllers;
			sourceTree = "<group>";
		};
		BD19AF172993043100F4A9B7 /* Lottie */ = {
			isa = PBXGroup;
			children = (
				BD19AF2C2993C69200F4A9B7 /* 90705-simple-loading.json */,
				BD19AF2E2993C6C400F4A9B7 /* 95076-loading-dots.json */,
				BD19AF1E29930C3300F4A9B7 /* 92298-loading.json */,
			);
			path = Lottie;
			sourceTree = "<group>";
		};
		BD19AF2629938AAE00F4A9B7 /* Views */ = {
			isa = PBXGroup;
			children = (
				BDD06E0A29A3523E008A2C4E /* ProfileCell */,
				BD19AF302993CEA500F4A9B7 /* CollectionCells */,
				BDED15532992F61200E2F03A /* Main.storyboard */,
				BDED15582992F61400E2F03A /* LaunchScreen.storyboard */,
				BD58AA6E299B8034004C1F48 /* CircularProgressView.swift */,
			);
			path = Views;
			sourceTree = "<group>";
		};
		BD19AF2829939DCA00F4A9B7 /* Extension */ = {
			isa = PBXGroup;
			children = (
				BD19AF382993FC0600F4A9B7 /* Extensions.swift */,
			);
			path = Extension;
			sourceTree = "<group>";
		};
		BD19AF2929939DE000F4A9B7 /* Helpers */ = {
			isa = PBXGroup;
			children = (
				BD19AF2029930CAB00F4A9B7 /* Constants.swift */,
				BD19AF3A2993FE5800F4A9B7 /* NotificationManager.swift */,
				BD4E35FF299A53CE00422D10 /* PopUp.swift */,
			);
			path = Helpers;
			sourceTree = "<group>";
		};
		BD19AF302993CEA500F4A9B7 /* CollectionCells */ = {
			isa = PBXGroup;
			children = (
				BD19AF312993CEC800F4A9B7 /* SelectGameCollectionViewCell.swift */,
				BD19AF362993E45100F4A9B7 /* LevelCollectionViewCell.swift */,
				BD4E35FA299A2D2C00422D10 /* ActiveGameCollectionViewCell.swift */,
			);
			path = CollectionCells;
			sourceTree = "<group>";
		};
		BD19AF332993D94300F4A9B7 /* Fonts */ = {
			isa = PBXGroup;
			children = (
				BD19AF49299513CB00F4A9B7 /* Phosphate.ttf */,
				BD19AF4B29951B7000F4A9B7 /* Inter-Medium.otf */,
				BD19AF4F2995309E00F4A9B7 /* Inter-Bold.ttf */,
			);
			path = Fonts;
			sourceTree = "<group>";
		};
		BD4E35FC299A517000422D10 /* PopUps */ = {
			isa = PBXGroup;
			children = (
				BD4E3605299AA74800422D10 /* OverLayerView.swift */,
				BD4E3606299AA74900422D10 /* OverLayerView.xib */,
			);
			path = PopUps;
			sourceTree = "<group>";
		};
		BD7317B629978D350036D2DC /* SettingsScreen */ = {
			isa = PBXGroup;
			children = (
				BD19AF242993152300F4A9B7 /* SettingsViewController.swift */,
				BD7317BB299791A70036D2DC /* SettingsExtension.swift */,
				BD7317B729978DA90036D2DC /* SettingsTableViewCell.swift */,
				BD7317B829978DA90036D2DC /* SettingsTableViewCell.xib */,
			);
			path = SettingsScreen;
			sourceTree = "<group>";
		};
		BDD06E0A29A3523E008A2C4E /* ProfileCell */ = {
			isa = PBXGroup;
			children = (
				BDD06E1129A352D7008A2C4E /* ProfileProgressTableViewCell.swift */,
				BDD06E1229A352D7008A2C4E /* ProfileProgressTableViewCell.xib */,
			);
			path = ProfileCell;
			sourceTree = "<group>";
		};
		BDED15412992F61200E2F03A = {
			isa = PBXGroup;
			children = (
				BDED154C2992F61200E2F03A /* KingJohnnie */,
				BDED154B2992F61200E2F03A /* Products */,
			);
			sourceTree = "<group>";
		};
		BDED154B2992F61200E2F03A /* Products */ = {
			isa = PBXGroup;
			children = (
				BDED154A2992F61200E2F03A /* KingJohnnie.app */,
			);
			name = Products;
			sourceTree = "<group>";
		};
		BDED154C2992F61200E2F03A /* KingJohnnie */ = {
			isa = PBXGroup;
			children = (
				BDFE322A299E5ED100C76709 /* Sounds */,
				BD19AF332993D94300F4A9B7 /* Fonts */,
				BD19AF2929939DE000F4A9B7 /* Helpers */,
				BD19AF2829939DCA00F4A9B7 /* Extension */,
				BD19AF172993043100F4A9B7 /* Lottie */,
				BD19AF2629938AAE00F4A9B7 /* Views */,
				BD19AF112992FE8A00F4A9B7 /* Controllers */,
				BDED154D2992F61200E2F03A /* AppDelegate.swift */,
				BDED154F2992F61200E2F03A /* SceneDelegate.swift */,
				BDED15562992F61400E2F03A /* Assets.xcassets */,
				BDED155B2992F61400E2F03A /* Info.plist */,
				BDD06E0829A2CB2B008A2C4E /* UserProgressData.swift */,
			);
			path = KingJohnnie;
			sourceTree = "<group>";
		};
		BDFE322A299E5ED100C76709 /* Sounds */ = {
			isa = PBXGroup;
			children = (
				BDFE322B299E5EE800C76709 /* tapSound.mp3 */,
			);
			path = Sounds;
			sourceTree = "<group>";
		};
/* End PBXGroup section */

/* Begin PBXNativeTarget section */
		BDED15492992F61200E2F03A /* KingJohnnie */ = {
			isa = PBXNativeTarget;
			buildConfigurationList = BDED155E2992F61400E2F03A /* Build configuration list for PBXNativeTarget "KingJohnnie" */;
			buildPhases = (
				BDED15462992F61200E2F03A /* Sources */,
				BDED15472992F61200E2F03A /* Frameworks */,
				BDED15482992F61200E2F03A /* Resources */,
			);
			buildRules = (
			);
			dependencies = (
			);
			name = KingJohnnie;
			packageProductDependencies = (
				BD19AF152993038000F4A9B7 /* Lottie */,
				BD58AA71299BA644004C1F48 /* ALProgressView */,
			);
			productName = KingJohnnie;
			productReference = BDED154A2992F61200E2F03A /* KingJohnnie.app */;
			productType = "com.apple.product-type.application";
		};
/* End PBXNativeTarget section */

/* Begin PBXProject section */
		BDED15422992F61200E2F03A /* Project object */ = {
			isa = PBXProject;
			attributes = {
				BuildIndependentTargetsInParallel = 1;
				LastSwiftUpdateCheck = 1400;
				LastUpgradeCheck = 1400;
				TargetAttributes = {
					BDED15492992F61200E2F03A = {
						CreatedOnToolsVersion = 14.0.1;
					};
				};
			};
			buildConfigurationList = BDED15452992F61200E2F03A /* Build configuration list for PBXProject "KingJohnnie" */;
			compatibilityVersion = "Xcode 14.0";
			developmentRegion = en;
			hasScannedForEncodings = 0;
			knownRegions = (
				en,
				Base,
			);
			mainGroup = BDED15412992F61200E2F03A;
			packageReferences = (
				BD19AF142993038000F4A9B7 /* XCRemoteSwiftPackageReference "lottie-spm" */,
				BD58AA70299BA644004C1F48 /* XCRemoteSwiftPackageReference "ALProgressView" */,
			);
			productRefGroup = BDED154B2992F61200E2F03A /* Products */;
			projectDirPath = "";
			projectRoot = "";
			targets = (
				BDED15492992F61200E2F03A /* KingJohnnie */,
			);
		};
/* End PBXProject section */

/* Begin PBXResourcesBuildPhase section */
		BDED15482992F61200E2F03A /* Resources */ = {
			isa = PBXResourcesBuildPhase;
			buildActionMask = 2147483647;
			files = (
				BDFE322C299E5EE800C76709 /* tapSound.mp3 in Resources */,
				BD19AF2F2993C6C400F4A9B7 /* 95076-loading-dots.json in Resources */,
				BDD06E1429A352D7008A2C4E /* ProfileProgressTableViewCell.xib in Resources */,
				BD19AF4A299513CB00F4A9B7 /* Phosphate.ttf in Resources */,
				BD4E3608299AA74900422D10 /* OverLayerView.xib in Resources */,
				BD19AF2D2993C69200F4A9B7 /* 90705-simple-loading.json in Resources */,
				BD19AF502995309E00F4A9B7 /* Inter-Bold.ttf in Resources */,
				BD19AF4C29951B7000F4A9B7 /* Inter-Medium.otf in Resources */,
				BDED155A2992F61400E2F03A /* LaunchScreen.storyboard in Resources */,
				BDED15572992F61400E2F03A /* Assets.xcassets in Resources */,
				BDED15552992F61200E2F03A /* Main.storyboard in Resources */,
				BD7317BA29978DA90036D2DC /* SettingsTableViewCell.xib in Resources */,
				BD19AF1F29930C3300F4A9B7 /* 92298-loading.json in Resources */,
			);
			runOnlyForDeploymentPostprocessing = 0;
		};
/* End PBXResourcesBuildPhase section */

/* Begin PBXSourcesBuildPhase section */
		BDED15462992F61200E2F03A /* Sources */ = {
			isa = PBXSourcesBuildPhase;
			buildActionMask = 2147483647;
			files = (
				BD19AF372993E45100F4A9B7 /* LevelCollectionViewCell.swift in Sources */,
				BD19AF2129930CAB00F4A9B7 /* Constants.swift in Sources */,
				BD4E35FB299A2D2C00422D10 /* ActiveGameCollectionViewCell.swift in Sources */,
				BDD06E0929A2CB2B008A2C4E /* UserProgressData.swift in Sources */,
				BDED15522992F61200E2F03A /* SelectGameViewController.swift in Sources */,
				BD19AF48299451FE00F4A9B7 /* TermsViewController.swift in Sources */,
				BD4E3607299AA74900422D10 /* OverLayerView.swift in Sources */,
				BD19AF252993152300F4A9B7 /* SettingsViewController.swift in Sources */,
				BD19AF3B2993FE5800F4A9B7 /* NotificationManager.swift in Sources */,
				BDB20DE6299832E70071981F /* ProfileViewController.swift in Sources */,
				BD19AF132992FEAD00F4A9B7 /* GameLoaderViewController.swift in Sources */,
				BD58AA6F299B8034004C1F48 /* CircularProgressView.swift in Sources */,
				BD19AF4629944E2400F4A9B7 /* ActiveGameViewController.swift in Sources */,
				BD4E3600299A53CE00422D10 /* PopUp.swift in Sources */,
				BDD06E1329A352D7008A2C4E /* ProfileProgressTableViewCell.swift in Sources */,
				BD19AF392993FC0600F4A9B7 /* Extensions.swift in Sources */,
				BD19AF2329930FC500F4A9B7 /* MainGameViewController.swift in Sources */,
				BD7317B929978DA90036D2DC /* SettingsTableViewCell.swift in Sources */,
				BDED154E2992F61200E2F03A /* AppDelegate.swift in Sources */,
				BD19AF542995823C00F4A9B7 /* WinViewController.swift in Sources */,
				BD19AF322993CEC800F4A9B7 /* SelectGameCollectionViewCell.swift in Sources */,
				BD7317BC299791A70036D2DC /* SettingsExtension.swift in Sources */,
				BD19AF562995827000F4A9B7 /* LossViewController.swift in Sources */,
				BDED15502992F61200E2F03A /* SceneDelegate.swift in Sources */,
			);
			runOnlyForDeploymentPostprocessing = 0;
		};
/* End PBXSourcesBuildPhase section */

/* Begin PBXVariantGroup section */
		BDED15532992F61200E2F03A /* Main.storyboard */ = {
			isa = PBXVariantGroup;
			children = (
				BDED15542992F61200E2F03A /* Base */,
			);
			name = Main.storyboard;
			sourceTree = "<group>";
		};
		BDED15582992F61400E2F03A /* LaunchScreen.storyboard */ = {
			isa = PBXVariantGroup;
			children = (
				BDED15592992F61400E2F03A /* Base */,
			);
			name = LaunchScreen.storyboard;
			sourceTree = "<group>";
		};
/* End PBXVariantGroup section */

/* Begin XCBuildConfiguration section */
		BDED155C2992F61400E2F03A /* Debug */ = {
			isa = XCBuildConfiguration;
			buildSettings = {
				ALWAYS_SEARCH_USER_PATHS = NO;
				CLANG_ANALYZER_NONNULL = YES;
				CLANG_ANALYZER_NUMBER_OBJECT_CONVERSION = YES_AGGRESSIVE;
				CLANG_CXX_LANGUAGE_STANDARD = "gnu++20";
				CLANG_ENABLE_MODULES = YES;
				CLANG_ENABLE_OBJC_ARC = YES;
				CLANG_ENABLE_OBJC_WEAK = YES;
				CLANG_WARN_BLOCK_CAPTURE_AUTORELEASING = YES;
				CLANG_WARN_BOOL_CONVERSION = YES;
				CLANG_WARN_COMMA = YES;
				CLANG_WARN_CONSTANT_CONVERSION = YES;
				CLANG_WARN_DEPRECATED_OBJC_IMPLEMENTATIONS = YES;
				CLANG_WARN_DIRECT_OBJC_ISA_USAGE = YES_ERROR;
				CLANG_WARN_DOCUMENTATION_COMMENTS = YES;
				CLANG_WARN_EMPTY_BODY = YES;
				CLANG_WARN_ENUM_CONVERSION = YES;
				CLANG_WARN_INFINITE_RECURSION = YES;
				CLANG_WARN_INT_CONVERSION = YES;
				CLANG_WARN_NON_LITERAL_NULL_CONVERSION = YES;
				CLANG_WARN_OBJC_IMPLICIT_RETAIN_SELF = YES;
				CLANG_WARN_OBJC_LITERAL_CONVERSION = YES;
				CLANG_WARN_OBJC_ROOT_CLASS = YES_ERROR;
				CLANG_WARN_QUOTED_INCLUDE_IN_FRAMEWORK_HEADER = YES;
				CLANG_WARN_RANGE_LOOP_ANALYSIS = YES;
				CLANG_WARN_STRICT_PROTOTYPES = YES;
				CLANG_WARN_SUSPICIOUS_MOVE = YES;
				CLANG_WARN_UNGUARDED_AVAILABILITY = YES_AGGRESSIVE;
				CLANG_WARN_UNREACHABLE_CODE = YES;
				CLANG_WARN__DUPLICATE_METHOD_MATCH = YES;
				COPY_PHASE_STRIP = NO;
				DEBUG_INFORMATION_FORMAT = dwarf;
				ENABLE_STRICT_OBJC_MSGSEND = YES;
				ENABLE_TESTABILITY = YES;
				GCC_C_LANGUAGE_STANDARD = gnu11;
				GCC_DYNAMIC_NO_PIC = NO;
				GCC_NO_COMMON_BLOCKS = YES;
				GCC_OPTIMIZATION_LEVEL = 0;
				GCC_PREPROCESSOR_DEFINITIONS = (
					"DEBUG=1",
					"$(inherited)",
				);
				GCC_WARN_64_TO_32_BIT_CONVERSION = YES;
				GCC_WARN_ABOUT_RETURN_TYPE = YES_ERROR;
				GCC_WARN_UNDECLARED_SELECTOR = YES;
				GCC_WARN_UNINITIALIZED_AUTOS = YES_AGGRESSIVE;
				GCC_WARN_UNUSED_FUNCTION = YES;
				GCC_WARN_UNUSED_VARIABLE = YES;
				IPHONEOS_DEPLOYMENT_TARGET = 16.0;
				MTL_ENABLE_DEBUG_INFO = INCLUDE_SOURCE;
				MTL_FAST_MATH = YES;
				ONLY_ACTIVE_ARCH = YES;
				SDKROOT = iphoneos;
				SWIFT_ACTIVE_COMPILATION_CONDITIONS = DEBUG;
				SWIFT_OPTIMIZATION_LEVEL = "-Onone";
			};
			name = Debug;
		};
		BDED155D2992F61400E2F03A /* Release */ = {
			isa = XCBuildConfiguration;
			buildSettings = {
				ALWAYS_SEARCH_USER_PATHS = NO;
				CLANG_ANALYZER_NONNULL = YES;
				CLANG_ANALYZER_NUMBER_OBJECT_CONVERSION = YES_AGGRESSIVE;
				CLANG_CXX_LANGUAGE_STANDARD = "gnu++20";
				CLANG_ENABLE_MODULES = YES;
				CLANG_ENABLE_OBJC_ARC = YES;
				CLANG_ENABLE_OBJC_WEAK = YES;
				CLANG_WARN_BLOCK_CAPTURE_AUTORELEASING = YES;
				CLANG_WARN_BOOL_CONVERSION = YES;
				CLANG_WARN_COMMA = YES;
				CLANG_WARN_CONSTANT_CONVERSION = YES;
				CLANG_WARN_DEPRECATED_OBJC_IMPLEMENTATIONS = YES;
				CLANG_WARN_DIRECT_OBJC_ISA_USAGE = YES_ERROR;
				CLANG_WARN_DOCUMENTATION_COMMENTS = YES;
				CLANG_WARN_EMPTY_BODY = YES;
				CLANG_WARN_ENUM_CONVERSION = YES;
				CLANG_WARN_INFINITE_RECURSION = YES;
				CLANG_WARN_INT_CONVERSION = YES;
				CLANG_WARN_NON_LITERAL_NULL_CONVERSION = YES;
				CLANG_WARN_OBJC_IMPLICIT_RETAIN_SELF = YES;
				CLANG_WARN_OBJC_LITERAL_CONVERSION = YES;
				CLANG_WARN_OBJC_ROOT_CLASS = YES_ERROR;
				CLANG_WARN_QUOTED_INCLUDE_IN_FRAMEWORK_HEADER = YES;
				CLANG_WARN_RANGE_LOOP_ANALYSIS = YES;
				CLANG_WARN_STRICT_PROTOTYPES = YES;
				CLANG_WARN_SUSPICIOUS_MOVE = YES;
				CLANG_WARN_UNGUARDED_AVAILABILITY = YES_AGGRESSIVE;
				CLANG_WARN_UNREACHABLE_CODE = YES;
				CLANG_WARN__DUPLICATE_METHOD_MATCH = YES;
				COPY_PHASE_STRIP = NO;
				DEBUG_INFORMATION_FORMAT = "dwarf-with-dsym";
				ENABLE_NS_ASSERTIONS = NO;
				ENABLE_STRICT_OBJC_MSGSEND = YES;
				GCC_C_LANGUAGE_STANDARD = gnu11;
				GCC_NO_COMMON_BLOCKS = YES;
				GCC_WARN_64_TO_32_BIT_CONVERSION = YES;
				GCC_WARN_ABOUT_RETURN_TYPE = YES_ERROR;
				GCC_WARN_UNDECLARED_SELECTOR = YES;
				GCC_WARN_UNINITIALIZED_AUTOS = YES_AGGRESSIVE;
				GCC_WARN_UNUSED_FUNCTION = YES;
				GCC_WARN_UNUSED_VARIABLE = YES;
				IPHONEOS_DEPLOYMENT_TARGET = 16.0;
				MTL_ENABLE_DEBUG_INFO = NO;
				MTL_FAST_MATH = YES;
				SDKROOT = iphoneos;
				SWIFT_COMPILATION_MODE = wholemodule;
				SWIFT_OPTIMIZATION_LEVEL = "-O";
				VALIDATE_PRODUCT = YES;
			};
			name = Release;
		};
		BDED155F2992F61400E2F03A /* Debug */ = {
			isa = XCBuildConfiguration;
			buildSettings = {
				ASSETCATALOG_COMPILER_APPICON_NAME = AppIcon;
				ASSETCATALOG_COMPILER_GLOBAL_ACCENT_COLOR_NAME = AccentColor;
				CODE_SIGN_STYLE = Automatic;
				CURRENT_PROJECT_VERSION = 1;
				DEVELOPMENT_TEAM = 6R59JHT6PY;
				GENERATE_INFOPLIST_FILE = YES;
				INFOPLIST_FILE = KingJohnnie/Info.plist;
				INFOPLIST_KEY_UIApplicationSupportsIndirectInputEvents = YES;
				INFOPLIST_KEY_UILaunchStoryboardName = LaunchScreen;
				INFOPLIST_KEY_UIMainStoryboardFile = Main;
				INFOPLIST_KEY_UISupportedInterfaceOrientations_iPad = "UIInterfaceOrientationPortrait UIInterfaceOrientationPortraitUpsideDown UIInterfaceOrientationLandscapeLeft UIInterfaceOrientationLandscapeRight";
				INFOPLIST_KEY_UISupportedInterfaceOrientations_iPhone = "UIInterfaceOrientationPortrait UIInterfaceOrientationLandscapeLeft UIInterfaceOrientationLandscapeRight";
				LD_RUNPATH_SEARCH_PATHS = (
					"$(inherited)",
					"@executable_path/Frameworks",
				);
				MARKETING_VERSION = 1.0;
				PRODUCT_BUNDLE_IDENTIFIER = drukstore.KingJohnnie;
				PRODUCT_NAME = "$(TARGET_NAME)";
				SWIFT_EMIT_LOC_STRINGS = YES;
				SWIFT_VERSION = 5.0;
				TARGETED_DEVICE_FAMILY = "1,2";
			};
			name = Debug;
		};
		BDED15602992F61400E2F03A /* Release */ = {
			isa = XCBuildConfiguration;
			buildSettings = {
				ASSETCATALOG_COMPILER_APPICON_NAME = AppIcon;
				ASSETCATALOG_COMPILER_GLOBAL_ACCENT_COLOR_NAME = AccentColor;
				CODE_SIGN_STYLE = Automatic;
				CURRENT_PROJECT_VERSION = 1;
				DEVELOPMENT_TEAM = 6R59JHT6PY;
				GENERATE_INFOPLIST_FILE = YES;
				INFOPLIST_FILE = KingJohnnie/Info.plist;
				INFOPLIST_KEY_UIApplicationSupportsIndirectInputEvents = YES;
				INFOPLIST_KEY_UILaunchStoryboardName = LaunchScreen;
				INFOPLIST_KEY_UIMainStoryboardFile = Main;
				INFOPLIST_KEY_UISupportedInterfaceOrientations_iPad = "UIInterfaceOrientationPortrait UIInterfaceOrientationPortraitUpsideDown UIInterfaceOrientationLandscapeLeft UIInterfaceOrientationLandscapeRight";
				INFOPLIST_KEY_UISupportedInterfaceOrientations_iPhone = "UIInterfaceOrientationPortrait UIInterfaceOrientationLandscapeLeft UIInterfaceOrientationLandscapeRight";
				LD_RUNPATH_SEARCH_PATHS = (
					"$(inherited)",
					"@executable_path/Frameworks",
				);
				MARKETING_VERSION = 1.0;
				PRODUCT_BUNDLE_IDENTIFIER = drukstore.KingJohnnie;
				PRODUCT_NAME = "$(TARGET_NAME)";
				SWIFT_EMIT_LOC_STRINGS = YES;
				SWIFT_VERSION = 5.0;
				TARGETED_DEVICE_FAMILY = "1,2";
			};
			name = Release;
		};
/* End XCBuildConfiguration section */

/* Begin XCConfigurationList section */
		BDED15452992F61200E2F03A /* Build configuration list for PBXProject "KingJohnnie" */ = {
			isa = XCConfigurationList;
			buildConfigurations = (
				BDED155C2992F61400E2F03A /* Debug */,
				BDED155D2992F61400E2F03A /* Release */,
			);
			defaultConfigurationIsVisible = 0;
			defaultConfigurationName = Release;
		};
		BDED155E2992F61400E2F03A /* Build configuration list for PBXNativeTarget "KingJohnnie" */ = {
			isa = XCConfigurationList;
			buildConfigurations = (
				BDED155F2992F61400E2F03A /* Debug */,
				BDED15602992F61400E2F03A /* Release */,
			);
			defaultConfigurationIsVisible = 0;
			defaultConfigurationName = Release;
		};
/* End XCConfigurationList section */

/* Begin XCRemoteSwiftPackageReference section */
		BD19AF142993038000F4A9B7 /* XCRemoteSwiftPackageReference "lottie-spm" */ = {
			isa = XCRemoteSwiftPackageReference;
			repositoryURL = "https://github.com/airbnb/lottie-spm.git";
			requirement = {
				kind = upToNextMajorVersion;
				minimumVersion = 4.0.0;
			};
		};
		BD58AA70299BA644004C1F48 /* XCRemoteSwiftPackageReference "ALProgressView" */ = {
			isa = XCRemoteSwiftPackageReference;
			repositoryURL = "https://github.com/alxrguz/ALProgressView";
			requirement = {
				kind = upToNextMajorVersion;
				minimumVersion = 2.0.0;
			};
		};
/* End XCRemoteSwiftPackageReference section */

/* Begin XCSwiftPackageProductDependency section */
		BD19AF152993038000F4A9B7 /* Lottie */ = {
			isa = XCSwiftPackageProductDependency;
			package = BD19AF142993038000F4A9B7 /* XCRemoteSwiftPackageReference "lottie-spm" */;
			productName = Lottie;
		};
		BD58AA71299BA644004C1F48 /* ALProgressView */ = {
			isa = XCSwiftPackageProductDependency;
			package = BD58AA70299BA644004C1F48 /* XCRemoteSwiftPackageReference "ALProgressView" */;
			productName = ALProgressView;
		};
/* End XCSwiftPackageProductDependency section */
	};
	rootObject = BDED15422992F61200E2F03A /* Project object */;
}
